// !$*UTF8*$!
{
	archiveVersion = 1;
	classes = {
	};
	objectVersion = 50;
	objects = {

/* Begin PBXBuildFile section */
		18A5D0762348BB3500C9575E /* AppDelegate.swift in Sources */ = {isa = PBXBuildFile; fileRef = 18A5D0752348BB3500C9575E /* AppDelegate.swift */; };
		18A5D0782348BB3500C9575E /* ViewController.swift in Sources */ = {isa = PBXBuildFile; fileRef = 18A5D0772348BB3500C9575E /* ViewController.swift */; };
		18A5D07B2348BB3500C9575E /* Main.storyboard in Resources */ = {isa = PBXBuildFile; fileRef = 18A5D0792348BB3500C9575E /* Main.storyboard */; };
		18A5D07D2348BB3700C9575E /* Assets.xcassets in Resources */ = {isa = PBXBuildFile; fileRef = 18A5D07C2348BB3700C9575E /* Assets.xcassets */; };
		18A5D0802348BB3700C9575E /* LaunchScreen.storyboard in Resources */ = {isa = PBXBuildFile; fileRef = 18A5D07E2348BB3700C9575E /* LaunchScreen.storyboard */; };
		18A5D0882348BB8300C9575E /* AnimatedRatingStar.swift in Sources */ = {isa = PBXBuildFile; fileRef = 18A5D0872348BB8300C9575E /* AnimatedRatingStar.swift */; };
/* End PBXBuildFile section */

/* Begin PBXFileReference section */
		18A5D0722348BB3500C9575E /* AnimatedRatingStar.app */ = {isa = PBXFileReference; explicitFileType = wrapper.application; includeInIndex = 0; path = AnimatedRatingStar.app; sourceTree = BUILT_PRODUCTS_DIR; };
		18A5D0752348BB3500C9575E /* AppDelegate.swift */ = {isa = PBXFileReference; lastKnownFileType = sourcecode.swift; path = AppDelegate.swift; sourceTree = "<group>"; };
		18A5D0772348BB3500C9575E /* ViewController.swift */ = {isa = PBXFileReference; lastKnownFileType = sourcecode.swift; path = ViewController.swift; sourceTree = "<group>"; };
		18A5D07A2348BB3500C9575E /* Base */ = {isa = PBXFileReference; lastKnownFileType = file.storyboard; name = Base; path = Base.lproj/Main.storyboard; sourceTree = "<group>"; };
		18A5D07C2348BB3700C9575E /* Assets.xcassets */ = {isa = PBXFileReference; lastKnownFileType = folder.assetcatalog; path = Assets.xcassets; sourceTree = "<group>"; };
		18A5D07F2348BB3700C9575E /* Base */ = {isa = PBXFileReference; lastKnownFileType = file.storyboard; name = Base; path = Base.lproj/LaunchScreen.storyboard; sourceTree = "<group>"; };
		18A5D0812348BB3700C9575E /* Info.plist */ = {isa = PBXFileReference; lastKnownFileType = text.plist.xml; path = Info.plist; sourceTree = "<group>"; };
		18A5D0872348BB8300C9575E /* AnimatedRatingStar.swift */ = {isa = PBXFileReference; lastKnownFileType = sourcecode.swift; path = AnimatedRatingStar.swift; sourceTree = "<group>"; };
/* End PBXFileReference section */

/* Begin PBXFrameworksBuildPhase section */
		18A5D06F2348BB3400C9575E /* Frameworks */ = {
			isa = PBXFrameworksBuildPhase;
			buildActionMask = 2147483647;
			files = (
			);
			runOnlyForDeploymentPostprocessing = 0;
		};
/* End PBXFrameworksBuildPhase section */

/* Begin PBXGroup section */
		18A5D0692348BB3400C9575E = {
			isa = PBXGroup;
			children = (
				18A5D0742348BB3500C9575E /* AnimatedRatingStar */,
				18A5D0732348BB3500C9575E /* Products */,
			);
			sourceTree = "<group>";
		};
		18A5D0732348BB3500C9575E /* Products */ = {
			isa = PBXGroup;
			children = (
				18A5D0722348BB3500C9575E /* AnimatedRatingStar.app */,
			);
			name = Products;
			sourceTree = "<group>";
		};
		18A5D0742348BB3500C9575E /* AnimatedRatingStar */ = {
			isa = PBXGroup;
			children = (
				18A5D0752348BB3500C9575E /* AppDelegate.swift */,
				18A5D0772348BB3500C9575E /* ViewController.swift */,
				18A5D0792348BB3500C9575E /* Main.storyboard */,
				18A5D07C2348BB3700C9575E /* Assets.xcassets */,
				18A5D07E2348BB3700C9575E /* LaunchScreen.storyboard */,
				18A5D0812348BB3700C9575E /* Info.plist */,
				18A5D0872348BB8300C9575E /* AnimatedRatingStar.swift */,
			);
			path = AnimatedRatingStar;
			sourceTree = "<group>";
		};
/* End PBXGroup section */

/* Begin PBXNativeTarget section */
		18A5D0712348BB3400C9575E /* AnimatedRatingStar */ = {
			isa = PBXNativeTarget;
			buildConfigurationList = 18A5D0842348BB3700C9575E /* Build configuration list for PBXNativeTarget "AnimatedRatingStar" */;
			buildPhases = (
				18A5D06E2348BB3400C9575E /* Sources */,
				18A5D06F2348BB3400C9575E /* Frameworks */,
				18A5D0702348BB3400C9575E /* Resources */,
			);
			buildRules = (
			);
			dependencies = (
			);
			name = AnimatedRatingStar;
			productName = AnimatedRatingStar;
			productReference = 18A5D0722348BB3500C9575E /* AnimatedRatingStar.app */;
			productType = "com.apple.product-type.application";
		};
/* End PBXNativeTarget section */

/* Begin PBXProject section */
		18A5D06A2348BB3400C9575E /* Project object */ = {
			isa = PBXProject;
			attributes = {
				LastSwiftUpdateCheck = 1010;
				LastUpgradeCheck = 1010;
				ORGANIZATIONNAME = Bassam;
				TargetAttributes = {
					18A5D0712348BB3400C9575E = {
						CreatedOnToolsVersion = 10.1;
					};
				};
			};
			buildConfigurationList = 18A5D06D2348BB3400C9575E /* Build configuration list for PBXProject "AnimatedRatingStar" */;
			compatibilityVersion = "Xcode 9.3";
			developmentRegion = en;
			hasScannedForEncodings = 0;
			knownRegions = (
				en,
				Base,
			);
			mainGroup = 18A5D0692348BB3400C9575E;
			productRefGroup = 18A5D0732348BB3500C9575E /* Products */;
			projectDirPath = "";
			projectRoot = "";
			targets = (
				18A5D0712348BB3400C9575E /* AnimatedRatingStar */,
			);
		};
/* End PBXProject section */

/* Begin PBXResourcesBuildPhase section */
		18A5D0702348BB3400C9575E /* Resources */ = {
			isa = PBXResourcesBuildPhase;
			buildActionMask = 2147483647;
			files = (
				18A5D0802348BB3700C9575E /* LaunchScreen.storyboard in Resources */,
				18A5D07D2348BB3700C9575E /* Assets.xcassets in Resources */,
				18A5D07B2348BB3500C9575E /* Main.storyboard in Resources */,
			);
			runOnlyForDeploymentPostprocessing = 0;
		};
/* End PBXResourcesBuildPhase section */

/* Begin PBXSourcesBuildPhase section */
		18A5D06E2348BB3400C9575E /* Sources */ = {
			isa = PBXSourcesBuildPhase;
			buildActionMask = 2147483647;
			files = (
				18A5D0882348BB8300C9575E /* AnimatedRatingStar.swift in Sources */,
				18A5D0782348BB3500C9575E /* ViewController.swift in Sources */,
				18A5D0762348BB3500C9575E /* AppDelegate.swift in Sources */,
			);
			runOnlyForDeploymentPostprocessing = 0;
		};
/* End PBXSourcesBuildPhase section */

/* Begin PBXVariantGroup section */
		18A5D0792348BB3500C9575E /* Main.storyboard */ = {
			isa = PBXVariantGroup;
			children = (
				18A5D07A2348BB3500C9575E /* Base */,
			);
			name = Main.storyboard;
			sourceTree = "<group>";
		};
		18A5D07E2348BB3700C9575E /* LaunchScreen.storyboard */ = {
			isa = PBXVariantGroup;
			children = (
				18A5D07F2348BB3700C9575E /* Base */,
			);
			name = LaunchScreen.storyboard;
			sourceTree = "<group>";
		};
/* End PBXVariantGroup section */

/* Begin XCBuildConfiguration section */
		18A5D0822348BB3700C9575E /* Debug */ = {
			isa = XCBuildConfiguration;
			buildSettings = {
				ALWAYS_SEARCH_USER_PATHS = NO;
				CLANG_ANALYZER_NONNULL = YES;
				CLANG_ANALYZER_NUMBER_OBJECT_CONVERSION = YES_AGGRESSIVE;
				CLANG_CXX_LANGUAGE_STANDARD = "gnu++14";
				CLANG_CXX_LIBRARY = "libc++";
				CLANG_ENABLE_MODULES = YES;
				CLANG_ENABLE_OBJC_ARC = YES;
				CLANG_ENABLE_OBJC_WEAK = YES;
				CLANG_WARN_BLOCK_CAPTURE_AUTORELEASING = YES;
				CLANG_WARN_BOOL_CONVERSION = YES;
				CLANG_WARN_COMMA = YES;
				CLANG_WARN_CONSTANT_CONVERSION = YES;
				CLANG_WARN_DEPRECATED_OBJC_IMPLEMENTATIONS = YES;
				CLANG_WARN_DIRECT_OBJC_ISA_USAGE = YES_ERROR;
				CLANG_WARN_DOCUMENTATION_COMMENTS = YES;
				CLANG_WARN_EMPTY_BODY = YES;
				CLANG_WARN_ENUM_CONVERSION = YES;
				CLANG_WARN_INFINITE_RECURSION = YES;
				CLANG_WARN_INT_CONVERSION = YES;
				CLANG_WARN_NON_LITERAL_NULL_CONVERSION = YES;
				CLANG_WARN_OBJC_IMPLICIT_RETAIN_SELF = YES;
				CLANG_WARN_OBJC_LITERAL_CONVERSION = YES;
				CLANG_WARN_OBJC_ROOT_CLASS = YES_ERROR;
				CLANG_WARN_RANGE_LOOP_ANALYSIS = YES;
				CLANG_WARN_STRICT_PROTOTYPES = YES;
				CLANG_WARN_SUSPICIOUS_MOVE = YES;
				CLANG_WARN_UNGUARDED_AVAILABILITY = YES_AGGRESSIVE;
				CLANG_WARN_UNREACHABLE_CODE = YES;
				CLANG_WARN__DUPLICATE_METHOD_MATCH = YES;
				CODE_SIGN_IDENTITY = "iPhone Developer";
				COPY_PHASE_STRIP = NO;
				DEBUG_INFORMATION_FORMAT = dwarf;
				ENABLE_STRICT_OBJC_MSGSEND = YES;
				ENABLE_TESTABILITY = YES;
				GCC_C_LANGUAGE_STANDARD = gnu11;
				GCC_DYNAMIC_NO_PIC = NO;
				GCC_NO_COMMON_BLOCKS = YES;
				GCC_OPTIMIZATION_LEVEL = 0;
				GCC_PREPROCESSOR_DEFINITIONS = (
					"DEBUG=1",
					"$(inherited)",
				);
				GCC_WARN_64_TO_32_BIT_CONVERSION = YES;
				GCC_WARN_ABOUT_RETURN_TYPE = YES_ERROR;
				GCC_WARN_UNDECLARED_SELECTOR = YES;
				GCC_WARN_UNINITIALIZED_AUTOS = YES_AGGRESSIVE;
				GCC_WARN_UNUSED_FUNCTION = YES;
				GCC_WARN_UNUSED_VARIABLE = YES;
				IPHONEOS_DEPLOYMENT_TARGET = 12.1;
				MTL_ENABLE_DEBUG_INFO = INCLUDE_SOURCE;
				MTL_FAST_MATH = YES;
				ONLY_ACTIVE_ARCH = YES;
				SDKROOT = iphoneos;
				SWIFT_ACTIVE_COMPILATION_CONDITIONS = DEBUG;
				SWIFT_OPTIMIZATION_LEVEL = "-Onone";
			};
			name = Debug;
		};
		18A5D0832348BB3700C9575E /* Release */ = {
			isa = XCBuildConfiguration;
			buildSettings = {
				ALWAYS_SEARCH_USER_PATHS = NO;
				CLANG_ANALYZER_NONNULL = YES;
				CLANG_ANALYZER_NUMBER_OBJECT_CONVERSION = YES_AGGRESSIVE;
				CLANG_CXX_LANGUAGE_STANDARD = "gnu++14";
				CLANG_CXX_LIBRARY = "libc++";
				CLANG_ENABLE_MODULES = YES;
				CLANG_ENABLE_OBJC_ARC = YES;
				CLANG_ENABLE_OBJC_WEAK = YES;
				CLANG_WARN_BLOCK_CAPTURE_AUTORELEASING = YES;
				CLANG_WARN_BOOL_CONVERSION = YES;
				CLANG_WARN_COMMA = YES;
				CLANG_WARN_CONSTANT_CONVERSION = YES;
				CLANG_WARN_DEPRECATED_OBJC_IMPLEMENTATIONS = YES;
				CLANG_WARN_DIRECT_OBJC_ISA_USAGE = YES_ERROR;
				CLANG_WARN_DOCUMENTATION_COMMENTS = YES;
				CLANG_WARN_EMPTY_BODY = YES;
				CLANG_WARN_ENUM_CONVERSION = YES;
				CLANG_WARN_INFINITE_RECURSION = YES;
				CLANG_WARN_INT_CONVERSION = YES;
				CLANG_WARN_NON_LITERAL_NULL_CONVERSION = YES;
				CLANG_WARN_OBJC_IMPLICIT_RETAIN_SELF = YES;
				CLANG_WARN_OBJC_LITERAL_CONVERSION = YES;
				CLANG_WARN_OBJC_ROOT_CLASS = YES_ERROR;
				CLANG_WARN_RANGE_LOOP_ANALYSIS = YES;
				CLANG_WARN_STRICT_PROTOTYPES = YES;
				CLANG_WARN_SUSPICIOUS_MOVE = YES;
				CLANG_WARN_UNGUARDED_AVAILABILITY = YES_AGGRESSIVE;
				CLANG_WARN_UNREACHABLE_CODE = YES;
				CLANG_WARN__DUPLICATE_METHOD_MATCH = YES;
				CODE_SIGN_IDENTITY = "iPhone Developer";
				COPY_PHASE_STRIP = NO;
				DEBUG_INFORMATION_FORMAT = "dwarf-with-dsym";
				ENABLE_NS_ASSERTIONS = NO;
				ENABLE_STRICT_OBJC_MSGSEND = YES;
				GCC_C_LANGUAGE_STANDARD = gnu11;
				GCC_NO_COMMON_BLOCKS = YES;
				GCC_WARN_64_TO_32_BIT_CONVERSION = YES;
				GCC_WARN_ABOUT_RETURN_TYPE = YES_ERROR;
				GCC_WARN_UNDECLARED_SELECTOR = YES;
				GCC_WARN_UNINITIALIZED_AUTOS = YES_AGGRESSIVE;
				GCC_WARN_UNUSED_FUNCTION = YES;
				GCC_WARN_UNUSED_VARIABLE = YES;
				IPHONEOS_DEPLOYMENT_TARGET = 12.1;
				MTL_ENABLE_DEBUG_INFO = NO;
				MTL_FAST_MATH = YES;
				SDKROOT = iphoneos;
				SWIFT_COMPILATION_MODE = wholemodule;
				SWIFT_OPTIMIZATION_LEVEL = "-O";
				VALIDATE_PRODUCT = YES;
			};
			name = Release;
		};
		18A5D0852348BB3700C9575E /* Debug */ = {
			isa = XCBuildConfiguration;
			buildSettings = {
				ASSETCATALOG_COMPILER_APPICON_NAME = AppIcon;
				CODE_SIGN_STYLE = Automatic;
				INFOPLIST_FILE = AnimatedRatingStar/Info.plist;
				LD_RUNPATH_SEARCH_PATHS = (
					"$(inherited)",
					"@executable_path/Frameworks",
				);
				PRODUCT_BUNDLE_IDENTIFIER = com.bassam.AnimatedRatingStar;
				PRODUCT_NAME = "$(TARGET_NAME)";
				SWIFT_VERSION = 4.2;
				TARGETED_DEVICE_FAMILY = "1,2";
			};
			name = Debug;
		};
		18A5D0862348BB3700C9575E /* Release */ = {
			isa = XCBuildConfiguration;
			buildSettings = {
				ASSETCATALOG_COMPILER_APPICON_NAME = AppIcon;
				CODE_SIGN_STYLE = Automatic;
				INFOPLIST_FILE = AnimatedRatingStar/Info.plist;
				LD_RUNPATH_SEARCH_PATHS = (
					"$(inherited)",
					"@executable_path/Frameworks",
				);
				PRODUCT_BUNDLE_IDENTIFIER = com.bassam.AnimatedRatingStar;
				PRODUCT_NAME = "$(TARGET_NAME)";
				SWIFT_VERSION = 4.2;
				TARGETED_DEVICE_FAMILY = "1,2";
			};
			name = Release;
		};
/* End XCBuildConfiguration section */

/* Begin XCConfigurationList section */
		18A5D06D2348BB3400C9575E /* Build configuration list for PBXProject "AnimatedRatingStar" */ = {
			isa = XCConfigurationList;
			buildConfigurations = (
				18A5D0822348BB3700C9575E /* Debug */,
				18A5D0832348BB3700C9575E /* Release */,
			);
			defaultConfigurationIsVisible = 0;
			defaultConfigurationName = Release;
		};
		18A5D0842348BB3700C9575E /* Build configuration list for PBXNativeTarget "AnimatedRatingStar" */ = {
			isa = XCConfigurationList;
			buildConfigurations = (
				18A5D0852348BB3700C9575E /* Debug */,
				18A5D0862348BB3700C9575E /* Release */,
			);
			defaultConfigurationIsVisible = 0;
			defaultConfigurationName = Release;
		};
/* End XCConfigurationList section */
	};
	rootObject = 18A5D06A2348BB3400C9575E /* Project object */;
}
